
Microsoft Visual Studio Solution File, Format Version 12.00
# Visual Studio Version 16
VisualStudioVersion = 16.0.32002.261
MinimumVisualStudioVersion = 10.0.40219.1
Project("{9A19103F-16F7-4668-BE54-9A1E7A4F7556}") = "WPFUI", "WPFUI\WPFUI.csproj", "{9C653A71-5A97-4763-87A6-93805FC668CE}"
EndProject
Project("{FAE04EC0-301F-11D3-BF4B-00C04F79EFBC}") = "UnitConversionLibrary", "UnitConversionLibrary\UnitConversionLibrary.csproj", "{3A0BD230-D15E-45A7-8CB1-80E115C1B40C}"
EndProject
Project("{FAE04EC0-301F-11D3-BF4B-00C04F79EFBC}") = "UnitConversionLibrary.Tests", "UnitConversionLibrary.Tests\UnitConversionLibrary.Tests.csproj", "{F058D531-6C3D-415E-8577-DF8A614E4BA5}"
EndProject
Global
	GlobalSection(SolutionConfigurationPlatforms) = preSolution
		Debug|Any CPU = Debug|Any CPU
		Release|Any CPU = Release|Any CPU
	EndGlobalSection
	GlobalSection(ProjectConfigurationPlatforms) = postSolution
		{9C653A71-5A97-4763-87A6-93805FC668CE}.Debug|Any CPU.ActiveCfg = Debug|Any CPU
		{9C653A71-5A97-4763-87A6-93805FC668CE}.Debug|Any CPU.Build.0 = Debug|Any CPU
		{9C653A71-5A97-4763-87A6-93805FC668CE}.Release|Any CPU.ActiveCfg = Release|Any CPU
		{9C653A71-5A97-4763-87A6-93805FC668CE}.Release|Any CPU.Build.0 = Release|Any CPU
		{3A0BD230-D15E-45A7-8CB1-80E115C1B40C}.Debug|Any CPU.ActiveCfg = Debug|Any CPU
		{3A0BD230-D15E-45A7-8CB1-80E115C1B40C}.Debug|Any CPU.Build.0 = Debug|Any CPU
		{3A0BD230-D15E-45A7-8CB1-80E115C1B40C}.Release|Any CPU.ActiveCfg = Release|Any CPU
		{3A0BD230-D15E-45A7-8CB1-80E115C1B40C}.Release|Any CPU.Build.0 = Release|Any CPU
		{F058D531-6C3D-415E-8577-DF8A614E4BA5}.Debug|Any CPU.ActiveCfg = Debug|Any CPU
		{F058D531-6C3D-415E-8577-DF8A614E4BA5}.Debug|Any CPU.Build.0 = Debug|Any CPU
		{F058D531-6C3D-415E-8577-DF8A614E4BA5}.Release|Any CPU.ActiveCfg = Release|Any CPU
		{F058D531-6C3D-415E-8577-DF8A614E4BA5}.Release|Any CPU.Build.0 = Release|Any CPU
	EndGlobalSection
	GlobalSection(SolutionProperties) = preSolution
		HideSolutionNode = FALSE
	EndGlobalSection
	GlobalSection(ExtensibilityGlobals) = postSolution
		SolutionGuid = {3B267B86-0E8D-44B6-B3BE-825E43B1D582}
	EndGlobalSection
EndGlobal
